
Microsoft Visual Studio Solution File, Format Version 12.00
# Visual Studio 2012
Project("{8BC9CEB8-8B4A-11D0-8D11-00A0C91BC942}") = "alg2", "alg2\alg2.vcxproj", "{7762F1AC-E9C7-434C-93C2-08508EBD260C}"
EndProject
Global
	GlobalSection(SolutionConfigurationPlatforms) = preSolution
		Debug|Win32 = Debug|Win32
		Release|Win32 = Release|Win32
	EndGlobalSection
	GlobalSection(ProjectConfigurationPlatforms) = postSolution
		{7762F1AC-E9C7-434C-93C2-08508EBD260C}.Debug|Win32.ActiveCfg = Debug|Win32
		{7762F1AC-E9C7-434C-93C2-08508EBD260C}.Debug|Win32.Build.0 = Debug|Win32
		{7762F1AC-E9C7-434C-93C2-08508EBD260C}.Release|Win32.ActiveCfg = Release|Win32
		{7762F1AC-E9C7-434C-93C2-08508EBD260C}.Release|Win32.Build.0 = Release|Win32
	EndGlobalSection
	GlobalSection(SolutionProperties) = preSolution
		HideSolutionNode = FALSE
	EndGlobalSection
EndGlobal
