
Microsoft Visual Studio Solution File, Format Version 12.00
# Visual Studio 2013
VisualStudioVersion = 12.0.21005.1
MinimumVisualStudioVersion = 10.0.40219.1
Project("{FAE04EC0-301F-11D3-BF4B-00C04F79EFBC}") = "RailRoad", "RailRoad\RailRoad.csproj", "{9921F21B-077B-4BE8-A4D0-2D6CAC2DE456}"
EndProject
Global
	GlobalSection(SolutionConfigurationPlatforms) = preSolution
		Debug|Any CPU = Debug|Any CPU
		Release|Any CPU = Release|Any CPU
	EndGlobalSection
	GlobalSection(ProjectConfigurationPlatforms) = postSolution
		{9921F21B-077B-4BE8-A4D0-2D6CAC2DE456}.Debug|Any CPU.ActiveCfg = Debug|Any CPU
		{9921F21B-077B-4BE8-A4D0-2D6CAC2DE456}.Debug|Any CPU.Build.0 = Debug|Any CPU
		{9921F21B-077B-4BE8-A4D0-2D6CAC2DE456}.Release|Any CPU.ActiveCfg = Release|Any CPU
		{9921F21B-077B-4BE8-A4D0-2D6CAC2DE456}.Release|Any CPU.Build.0 = Release|Any CPU
	EndGlobalSection
	GlobalSection(SolutionProperties) = preSolution
		HideSolutionNode = FALSE
	EndGlobalSection
EndGlobal
